// !$*UTF8*$!
{
	archiveVersion = 1;
	classes = {
	};
	objectVersion = 50;
	objects = {

/* Begin PBXBuildFile section */
		1F09BF6924714CB500171D0A /* TypeMatching.swift in Sources */ = {isa = PBXBuildFile; fileRef = 1F09BF6824714CB500171D0A /* TypeMatching.swift */; };
		1F09BF6B2471B8DF00171D0A /* ControlFlow.swift in Sources */ = {isa = PBXBuildFile; fileRef = 1F09BF6A2471B8DF00171D0A /* ControlFlow.swift */; };
		1F0A3BD9247E92A9005C91F0 /* Statements.swift in Sources */ = {isa = PBXBuildFile; fileRef = 1F0A3BD8247E92A9005C91F0 /* Statements.swift */; };
		1F0A3BDB247F8924005C91F0 /* ParserTools.swift in Sources */ = {isa = PBXBuildFile; fileRef = 1F0A3BDA247F8924005C91F0 /* ParserTools.swift */; };
		1F0A3BDD247F89A7005C91F0 /* LexerTools.swift in Sources */ = {isa = PBXBuildFile; fileRef = 1F0A3BDC247F89A7005C91F0 /* LexerTools.swift */; };
		1F0A3BF2248013A8005C91F0 /* Error.swift in Sources */ = {isa = PBXBuildFile; fileRef = 1FFF34AE24714A1200389B0C /* Error.swift */; };
		1F0A77E6248B73B50028A96D /* Operations.swift in Sources */ = {isa = PBXBuildFile; fileRef = 1F0A77E5248B73B50028A96D /* Operations.swift */; };
		1F286DA1247450510072120C /* StatementContext.swift in Sources */ = {isa = PBXBuildFile; fileRef = 1F286DA0247450510072120C /* StatementContext.swift */; };
		1F286DA3247453B60072120C /* LoopBreakContinue.swift in Sources */ = {isa = PBXBuildFile; fileRef = 1F286DA2247453B60072120C /* LoopBreakContinue.swift */; };
		1F9C96672475736E00BAEC04 /* Lexer.swift in Sources */ = {isa = PBXBuildFile; fileRef = 1F9C96662475736E00BAEC04 /* Lexer.swift */; };
		1F9C9669247574DF00BAEC04 /* Model.swift in Sources */ = {isa = PBXBuildFile; fileRef = 1F9C9668247574DF00BAEC04 /* Model.swift */; };
		1F9C966C2475AD0300BAEC04 /* Parser.swift in Sources */ = {isa = PBXBuildFile; fileRef = 1F9C966B2475AD0300BAEC04 /* Parser.swift */; };
		1FAA3E922472C5F30015C8BD /* CInterop.swift in Sources */ = {isa = PBXBuildFile; fileRef = 1FAA3E912472C5F30015C8BD /* CInterop.swift */; };
		1FAA3E942472DC540015C8BD /* IfElse.swift in Sources */ = {isa = PBXBuildFile; fileRef = 1FAA3E932472DC530015C8BD /* IfElse.swift */; };
		1FAA3E972472DCC50015C8BD /* WhileLoop.swift in Sources */ = {isa = PBXBuildFile; fileRef = 1FAA3E962472DCC50015C8BD /* WhileLoop.swift */; };
		1FAA3E992472E09D0015C8BD /* Instructions.swift in Sources */ = {isa = PBXBuildFile; fileRef = 1FAA3E982472E09D0015C8BD /* Instructions.swift */; };
		1FAA3E9B2472ECB80015C8BD /* ParseExpression.swift in Sources */ = {isa = PBXBuildFile; fileRef = 1FAA3E9A2472ECB80015C8BD /* ParseExpression.swift */; };
		1FB1EB7A2476E9E00088F63D /* LexerTest.swift in Sources */ = {isa = PBXBuildFile; fileRef = 1FB1EB792476E9E00088F63D /* LexerTest.swift */; };
		1FB8F7052477CF7E008CD1CD /* Utils.swift in Sources */ = {isa = PBXBuildFile; fileRef = 1FB8F7042477CF7E008CD1CD /* Utils.swift */; };
		1FB8F7072477D391008CD1CD /* LexerTestCases.swift in Sources */ = {isa = PBXBuildFile; fileRef = 1FB8F7062477D391008CD1CD /* LexerTestCases.swift */; };
		1FEB7CA724794F6F0018B9B4 /* ParserTest.swift in Sources */ = {isa = PBXBuildFile; fileRef = 1FEB7CA624794F6F0018B9B4 /* ParserTest.swift */; };
		1FEB7CA924794F770018B9B4 /* ParserTestCases.swift in Sources */ = {isa = PBXBuildFile; fileRef = 1FEB7CA824794F770018B9B4 /* ParserTestCases.swift */; };
		1FEB7CAB247A9E950018B9B4 /* ParserModel.swift in Sources */ = {isa = PBXBuildFile; fileRef = 1FEB7CAA247A9E950018B9B4 /* ParserModel.swift */; };
		1FFF349424711E3100389B0C /* main.swift in Sources */ = {isa = PBXBuildFile; fileRef = 1FFF349324711E3100389B0C /* main.swift */; };
		1FFF34A52471216000389B0C /* Expression.swift in Sources */ = {isa = PBXBuildFile; fileRef = 1FFF34A42471216000389B0C /* Expression.swift */; };
		1FFF34AB2471260400389B0C /* Types.swift in Sources */ = {isa = PBXBuildFile; fileRef = 1FFF34AA2471260400389B0C /* Types.swift */; };
		1FFF34AD24713C1F00389B0C /* IRGen.swift in Sources */ = {isa = PBXBuildFile; fileRef = 1FFF34AC24713C1F00389B0C /* IRGen.swift */; };
		1FFF34B324714AB900389B0C /* BaseAST.swift in Sources */ = {isa = PBXBuildFile; fileRef = 1FFF34B224714AB900389B0C /* BaseAST.swift */; };
/* End PBXBuildFile section */

/* Begin PBXCopyFilesBuildPhase section */
		1FFF348E24711E3100389B0C /* CopyFiles */ = {
			isa = PBXCopyFilesBuildPhase;
			buildActionMask = 2147483647;
			dstPath = /usr/share/man/man1/;
			dstSubfolderSpec = 0;
			files = (
			);
			runOnlyForDeploymentPostprocessing = 1;
		};
/* End PBXCopyFilesBuildPhase section */

/* Begin PBXFileReference section */
		1F09BF6824714CB500171D0A /* TypeMatching.swift */ = {isa = PBXFileReference; lastKnownFileType = sourcecode.swift; path = TypeMatching.swift; sourceTree = "<group>"; };
		1F09BF6A2471B8DF00171D0A /* ControlFlow.swift */ = {isa = PBXFileReference; lastKnownFileType = sourcecode.swift; path = ControlFlow.swift; sourceTree = "<group>"; };
		1F0A3BD8247E92A9005C91F0 /* Statements.swift */ = {isa = PBXFileReference; lastKnownFileType = sourcecode.swift; path = Statements.swift; sourceTree = "<group>"; };
		1F0A3BDA247F8924005C91F0 /* ParserTools.swift */ = {isa = PBXFileReference; lastKnownFileType = sourcecode.swift; path = ParserTools.swift; sourceTree = "<group>"; };
		1F0A3BDC247F89A7005C91F0 /* LexerTools.swift */ = {isa = PBXFileReference; lastKnownFileType = sourcecode.swift; path = LexerTools.swift; sourceTree = "<group>"; };
		1F0A77E5248B73B50028A96D /* Operations.swift */ = {isa = PBXFileReference; lastKnownFileType = sourcecode.swift; path = Operations.swift; sourceTree = "<group>"; };
		1F286DA0247450510072120C /* StatementContext.swift */ = {isa = PBXFileReference; lastKnownFileType = sourcecode.swift; path = StatementContext.swift; sourceTree = "<group>"; };
		1F286DA2247453B60072120C /* LoopBreakContinue.swift */ = {isa = PBXFileReference; lastKnownFileType = sourcecode.swift; path = LoopBreakContinue.swift; sourceTree = "<group>"; };
		1F9C96662475736E00BAEC04 /* Lexer.swift */ = {isa = PBXFileReference; lastKnownFileType = sourcecode.swift; path = Lexer.swift; sourceTree = "<group>"; };
		1F9C9668247574DF00BAEC04 /* Model.swift */ = {isa = PBXFileReference; lastKnownFileType = sourcecode.swift; path = Model.swift; sourceTree = "<group>"; };
		1F9C966B2475AD0300BAEC04 /* Parser.swift */ = {isa = PBXFileReference; lastKnownFileType = sourcecode.swift; path = Parser.swift; sourceTree = "<group>"; };
		1FAA3E912472C5F30015C8BD /* CInterop.swift */ = {isa = PBXFileReference; lastKnownFileType = sourcecode.swift; path = CInterop.swift; sourceTree = "<group>"; };
		1FAA3E932472DC530015C8BD /* IfElse.swift */ = {isa = PBXFileReference; lastKnownFileType = sourcecode.swift; path = IfElse.swift; sourceTree = "<group>"; };
		1FAA3E962472DCC50015C8BD /* WhileLoop.swift */ = {isa = PBXFileReference; lastKnownFileType = sourcecode.swift; path = WhileLoop.swift; sourceTree = "<group>"; };
		1FAA3E982472E09D0015C8BD /* Instructions.swift */ = {isa = PBXFileReference; lastKnownFileType = sourcecode.swift; path = Instructions.swift; sourceTree = "<group>"; };
		1FAA3E9A2472ECB80015C8BD /* ParseExpression.swift */ = {isa = PBXFileReference; lastKnownFileType = sourcecode.swift; path = ParseExpression.swift; sourceTree = "<group>"; };
		1FB1EB792476E9E00088F63D /* LexerTest.swift */ = {isa = PBXFileReference; lastKnownFileType = sourcecode.swift; path = LexerTest.swift; sourceTree = "<group>"; };
		1FB8F7042477CF7E008CD1CD /* Utils.swift */ = {isa = PBXFileReference; lastKnownFileType = sourcecode.swift; path = Utils.swift; sourceTree = "<group>"; };
		1FB8F7062477D391008CD1CD /* LexerTestCases.swift */ = {isa = PBXFileReference; lastKnownFileType = sourcecode.swift; path = LexerTestCases.swift; sourceTree = "<group>"; };
		1FEB7CA624794F6F0018B9B4 /* ParserTest.swift */ = {isa = PBXFileReference; lastKnownFileType = sourcecode.swift; path = ParserTest.swift; sourceTree = "<group>"; };
		1FEB7CA824794F770018B9B4 /* ParserTestCases.swift */ = {isa = PBXFileReference; lastKnownFileType = sourcecode.swift; path = ParserTestCases.swift; sourceTree = "<group>"; };
		1FEB7CAA247A9E950018B9B4 /* ParserModel.swift */ = {isa = PBXFileReference; lastKnownFileType = sourcecode.swift; path = ParserModel.swift; sourceTree = "<group>"; };
		1FFF349024711E3100389B0C /* Compiler */ = {isa = PBXFileReference; explicitFileType = "compiled.mach-o.executable"; includeInIndex = 0; path = Compiler; sourceTree = BUILT_PRODUCTS_DIR; };
		1FFF349324711E3100389B0C /* main.swift */ = {isa = PBXFileReference; lastKnownFileType = sourcecode.swift; path = main.swift; sourceTree = "<group>"; };
		1FFF34A42471216000389B0C /* Expression.swift */ = {isa = PBXFileReference; lastKnownFileType = sourcecode.swift; path = Expression.swift; sourceTree = "<group>"; };
		1FFF34AA2471260400389B0C /* Types.swift */ = {isa = PBXFileReference; lastKnownFileType = sourcecode.swift; path = Types.swift; sourceTree = "<group>"; };
		1FFF34AC24713C1F00389B0C /* IRGen.swift */ = {isa = PBXFileReference; lastKnownFileType = sourcecode.swift; path = IRGen.swift; sourceTree = "<group>"; };
		1FFF34AE24714A1200389B0C /* Error.swift */ = {isa = PBXFileReference; lastKnownFileType = sourcecode.swift; path = Error.swift; sourceTree = "<group>"; };
		1FFF34B224714AB900389B0C /* BaseAST.swift */ = {isa = PBXFileReference; lastKnownFileType = sourcecode.swift; path = BaseAST.swift; sourceTree = "<group>"; };
/* End PBXFileReference section */

/* Begin PBXFrameworksBuildPhase section */
		1FFF348D24711E3100389B0C /* Frameworks */ = {
			isa = PBXFrameworksBuildPhase;
			buildActionMask = 2147483647;
			files = (
			);
			runOnlyForDeploymentPostprocessing = 0;
		};
/* End PBXFrameworksBuildPhase section */

/* Begin PBXGroup section */
		1F286D9F2474503F0072120C /* Model */ = {
			isa = PBXGroup;
			children = (
				1F09BF6824714CB500171D0A /* TypeMatching.swift */,
				1FAA3E912472C5F30015C8BD /* CInterop.swift */,
				1FAA3E982472E09D0015C8BD /* Instructions.swift */,
				1F286DA0247450510072120C /* StatementContext.swift */,
			);
			path = Model;
			sourceTree = "<group>";
		};
		1F9C96652475736100BAEC04 /* Lexer */ = {
			isa = PBXGroup;
			children = (
				1F9C96662475736E00BAEC04 /* Lexer.swift */,
				1F0A3BDC247F89A7005C91F0 /* LexerTools.swift */,
				1F9C9668247574DF00BAEC04 /* Model.swift */,
				1FB1EB782476E9D40088F63D /* Test */,
			);
			path = Lexer;
			sourceTree = "<group>";
		};
		1F9C966A2475ACF900BAEC04 /* Parser */ = {
			isa = PBXGroup;
			children = (
				1F9C966B2475AD0300BAEC04 /* Parser.swift */,
				1F0A3BDA247F8924005C91F0 /* ParserTools.swift */,
				1F0A77E5248B73B50028A96D /* Operations.swift */,
				1FEB7CAA247A9E950018B9B4 /* ParserModel.swift */,
				1FFF349D247120D200389B0C /* AST Model */,
				1FEB7CA524794F600018B9B4 /* Test */,
			);
			path = Parser;
			sourceTree = "<group>";
		};
		1FAA3E952472DC570015C8BD /* Test */ = {
			isa = PBXGroup;
			children = (
				1FAA3E932472DC530015C8BD /* IfElse.swift */,
				1FAA3E962472DCC50015C8BD /* WhileLoop.swift */,
				1F286DA2247453B60072120C /* LoopBreakContinue.swift */,
			);
			path = Test;
			sourceTree = "<group>";
		};
		1FB1EB782476E9D40088F63D /* Test */ = {
			isa = PBXGroup;
			children = (
				1FB1EB792476E9E00088F63D /* LexerTest.swift */,
				1FB8F7062477D391008CD1CD /* LexerTestCases.swift */,
			);
			path = Test;
			sourceTree = "<group>";
		};
		1FB8F7032477CF71008CD1CD /* Utils */ = {
			isa = PBXGroup;
			children = (
				1FFF34AE24714A1200389B0C /* Error.swift */,
				1FB8F7042477CF7E008CD1CD /* Utils.swift */,
			);
			path = Utils;
			sourceTree = "<group>";
		};
		1FEB7CA524794F600018B9B4 /* Test */ = {
			isa = PBXGroup;
			children = (
				1FEB7CA624794F6F0018B9B4 /* ParserTest.swift */,
				1FEB7CA824794F770018B9B4 /* ParserTestCases.swift */,
			);
			path = Test;
			sourceTree = "<group>";
		};
		1FFF348724711E3100389B0C = {
			isa = PBXGroup;
			children = (
				1FFF349224711E3100389B0C /* Compiler */,
				1FFF349124711E3100389B0C /* Products */,
			);
			sourceTree = "<group>";
		};
		1FFF349124711E3100389B0C /* Products */ = {
			isa = PBXGroup;
			children = (
				1FFF349024711E3100389B0C /* Compiler */,
			);
			name = Products;
			sourceTree = "<group>";
		};
		1FFF349224711E3100389B0C /* Compiler */ = {
			isa = PBXGroup;
			children = (
				1F9C96652475736100BAEC04 /* Lexer */,
				1F9C966A2475ACF900BAEC04 /* Parser */,
				1FFF34B124714A4900389B0C /* IR Generation */,
				1FB8F7032477CF71008CD1CD /* Utils */,
				1FFF349324711E3100389B0C /* main.swift */,
			);
			path = Compiler;
			sourceTree = "<group>";
		};
		1FFF349D247120D200389B0C /* AST Model */ = {
			isa = PBXGroup;
			children = (
				1FFF34B224714AB900389B0C /* BaseAST.swift */,
				1F0A3BD8247E92A9005C91F0 /* Statements.swift */,
				1F09BF6A2471B8DF00171D0A /* ControlFlow.swift */,
				1FFF34A42471216000389B0C /* Expression.swift */,
				1FFF34AA2471260400389B0C /* Types.swift */,
			);
			path = "AST Model";
			sourceTree = "<group>";
		};
		1FFF34B124714A4900389B0C /* IR Generation */ = {
			isa = PBXGroup;
			children = (
				1FFF34AC24713C1F00389B0C /* IRGen.swift */,
				1FAA3E9A2472ECB80015C8BD /* ParseExpression.swift */,
				1FAA3E952472DC570015C8BD /* Test */,
				1F286D9F2474503F0072120C /* Model */,
			);
			path = "IR Generation";
			sourceTree = "<group>";
		};
/* End PBXGroup section */

/* Begin PBXNativeTarget section */
		1FFF348F24711E3100389B0C /* Compiler */ = {
			isa = PBXNativeTarget;
			buildConfigurationList = 1FFF349724711E3100389B0C /* Build configuration list for PBXNativeTarget "Compiler" */;
			buildPhases = (
				1FFF348C24711E3100389B0C /* Sources */,
				1FFF348D24711E3100389B0C /* Frameworks */,
				1FFF348E24711E3100389B0C /* CopyFiles */,
			);
			buildRules = (
			);
			dependencies = (
			);
			name = Compiler;
			productName = Compiler;
			productReference = 1FFF349024711E3100389B0C /* Compiler */;
			productType = "com.apple.product-type.tool";
		};
/* End PBXNativeTarget section */

/* Begin PBXProject section */
		1FFF348824711E3100389B0C /* Project object */ = {
			isa = PBXProject;
			attributes = {
				LastSwiftUpdateCheck = 1140;
				LastUpgradeCheck = 1150;
				ORGANIZATIONNAME = "Yaroslav Erokhin";
				TargetAttributes = {
					1FFF348F24711E3100389B0C = {
						CreatedOnToolsVersion = 11.4.1;
					};
				};
			};
			buildConfigurationList = 1FFF348B24711E3100389B0C /* Build configuration list for PBXProject "Compiler" */;
			compatibilityVersion = "Xcode 9.3";
			developmentRegion = en;
			hasScannedForEncodings = 0;
			knownRegions = (
				en,
				Base,
			);
			mainGroup = 1FFF348724711E3100389B0C;
			productRefGroup = 1FFF349124711E3100389B0C /* Products */;
			projectDirPath = "";
			projectRoot = "";
			targets = (
				1FFF348F24711E3100389B0C /* Compiler */,
			);
		};
/* End PBXProject section */

/* Begin PBXSourcesBuildPhase section */
		1FFF348C24711E3100389B0C /* Sources */ = {
			isa = PBXSourcesBuildPhase;
			buildActionMask = 2147483647;
			files = (
				1FB8F7072477D391008CD1CD /* LexerTestCases.swift in Sources */,
				1F0A3BD9247E92A9005C91F0 /* Statements.swift in Sources */,
				1FB1EB7A2476E9E00088F63D /* LexerTest.swift in Sources */,
				1F0A77E6248B73B50028A96D /* Operations.swift in Sources */,
				1FAA3E9B2472ECB80015C8BD /* ParseExpression.swift in Sources */,
				1FAA3E992472E09D0015C8BD /* Instructions.swift in Sources */,
				1FFF349424711E3100389B0C /* main.swift in Sources */,
				1FEB7CA924794F770018B9B4 /* ParserTestCases.swift in Sources */,
				1F0A3BF2248013A8005C91F0 /* Error.swift in Sources */,
				1FAA3E942472DC540015C8BD /* IfElse.swift in Sources */,
				1FAA3E972472DCC50015C8BD /* WhileLoop.swift in Sources */,
				1F09BF6B2471B8DF00171D0A /* ControlFlow.swift in Sources */,
				1FEB7CA724794F6F0018B9B4 /* ParserTest.swift in Sources */,
				1FB8F7052477CF7E008CD1CD /* Utils.swift in Sources */,
				1FEB7CAB247A9E950018B9B4 /* ParserModel.swift in Sources */,
				1F0A3BDD247F89A7005C91F0 /* LexerTools.swift in Sources */,
				1FFF34B324714AB900389B0C /* BaseAST.swift in Sources */,
				1F286DA3247453B60072120C /* LoopBreakContinue.swift in Sources */,
				1FFF34AB2471260400389B0C /* Types.swift in Sources */,
				1FFF34A52471216000389B0C /* Expression.swift in Sources */,
				1F9C966C2475AD0300BAEC04 /* Parser.swift in Sources */,
				1F286DA1247450510072120C /* StatementContext.swift in Sources */,
				1FAA3E922472C5F30015C8BD /* CInterop.swift in Sources */,
				1F0A3BDB247F8924005C91F0 /* ParserTools.swift in Sources */,
				1F09BF6924714CB500171D0A /* TypeMatching.swift in Sources */,
				1F9C9669247574DF00BAEC04 /* Model.swift in Sources */,
				1F9C96672475736E00BAEC04 /* Lexer.swift in Sources */,
				1FFF34AD24713C1F00389B0C /* IRGen.swift in Sources */,
			);
			runOnlyForDeploymentPostprocessing = 0;
		};
/* End PBXSourcesBuildPhase section */

/* Begin XCBuildConfiguration section */
		1FFF349524711E3100389B0C /* Debug */ = {
			isa = XCBuildConfiguration;
			buildSettings = {
				ALWAYS_SEARCH_USER_PATHS = NO;
				CLANG_ANALYZER_NONNULL = YES;
				CLANG_ANALYZER_NUMBER_OBJECT_CONVERSION = YES_AGGRESSIVE;
				CLANG_CXX_LANGUAGE_STANDARD = "gnu++14";
				CLANG_CXX_LIBRARY = "libc++";
				CLANG_ENABLE_MODULES = YES;
				CLANG_ENABLE_OBJC_ARC = YES;
				CLANG_ENABLE_OBJC_WEAK = YES;
				CLANG_WARN_BLOCK_CAPTURE_AUTORELEASING = YES;
				CLANG_WARN_BOOL_CONVERSION = YES;
				CLANG_WARN_COMMA = YES;
				CLANG_WARN_CONSTANT_CONVERSION = YES;
				CLANG_WARN_DEPRECATED_OBJC_IMPLEMENTATIONS = YES;
				CLANG_WARN_DIRECT_OBJC_ISA_USAGE = YES_ERROR;
				CLANG_WARN_DOCUMENTATION_COMMENTS = YES;
				CLANG_WARN_EMPTY_BODY = YES;
				CLANG_WARN_ENUM_CONVERSION = YES;
				CLANG_WARN_INFINITE_RECURSION = YES;
				CLANG_WARN_INT_CONVERSION = YES;
				CLANG_WARN_NON_LITERAL_NULL_CONVERSION = YES;
				CLANG_WARN_OBJC_IMPLICIT_RETAIN_SELF = YES;
				CLANG_WARN_OBJC_LITERAL_CONVERSION = YES;
				CLANG_WARN_OBJC_ROOT_CLASS = YES_ERROR;
				CLANG_WARN_RANGE_LOOP_ANALYSIS = YES;
				CLANG_WARN_STRICT_PROTOTYPES = YES;
				CLANG_WARN_SUSPICIOUS_MOVE = YES;
				CLANG_WARN_UNGUARDED_AVAILABILITY = YES_AGGRESSIVE;
				CLANG_WARN_UNREACHABLE_CODE = YES;
				CLANG_WARN__DUPLICATE_METHOD_MATCH = YES;
				COPY_PHASE_STRIP = NO;
				DEBUG_INFORMATION_FORMAT = dwarf;
				ENABLE_STRICT_OBJC_MSGSEND = YES;
				ENABLE_TESTABILITY = YES;
				GCC_C_LANGUAGE_STANDARD = gnu11;
				GCC_DYNAMIC_NO_PIC = NO;
				GCC_NO_COMMON_BLOCKS = YES;
				GCC_OPTIMIZATION_LEVEL = 0;
				GCC_PREPROCESSOR_DEFINITIONS = (
					"DEBUG=1",
					"$(inherited)",
				);
				GCC_WARN_64_TO_32_BIT_CONVERSION = YES;
				GCC_WARN_ABOUT_RETURN_TYPE = YES_ERROR;
				GCC_WARN_UNDECLARED_SELECTOR = YES;
				GCC_WARN_UNINITIALIZED_AUTOS = YES_AGGRESSIVE;
				GCC_WARN_UNUSED_FUNCTION = YES;
				GCC_WARN_UNUSED_VARIABLE = YES;
				MACOSX_DEPLOYMENT_TARGET = 10.15;
				MTL_ENABLE_DEBUG_INFO = INCLUDE_SOURCE;
				MTL_FAST_MATH = YES;
				ONLY_ACTIVE_ARCH = YES;
				SDKROOT = macosx;
				SWIFT_ACTIVE_COMPILATION_CONDITIONS = DEBUG;
				SWIFT_OPTIMIZATION_LEVEL = "-Onone";
			};
			name = Debug;
		};
		1FFF349624711E3100389B0C /* Release */ = {
			isa = XCBuildConfiguration;
			buildSettings = {
				ALWAYS_SEARCH_USER_PATHS = NO;
				CLANG_ANALYZER_NONNULL = YES;
				CLANG_ANALYZER_NUMBER_OBJECT_CONVERSION = YES_AGGRESSIVE;
				CLANG_CXX_LANGUAGE_STANDARD = "gnu++14";
				CLANG_CXX_LIBRARY = "libc++";
				CLANG_ENABLE_MODULES = YES;
				CLANG_ENABLE_OBJC_ARC = YES;
				CLANG_ENABLE_OBJC_WEAK = YES;
				CLANG_WARN_BLOCK_CAPTURE_AUTORELEASING = YES;
				CLANG_WARN_BOOL_CONVERSION = YES;
				CLANG_WARN_COMMA = YES;
				CLANG_WARN_CONSTANT_CONVERSION = YES;
				CLANG_WARN_DEPRECATED_OBJC_IMPLEMENTATIONS = YES;
				CLANG_WARN_DIRECT_OBJC_ISA_USAGE = YES_ERROR;
				CLANG_WARN_DOCUMENTATION_COMMENTS = YES;
				CLANG_WARN_EMPTY_BODY = YES;
				CLANG_WARN_ENUM_CONVERSION = YES;
				CLANG_WARN_INFINITE_RECURSION = YES;
				CLANG_WARN_INT_CONVERSION = YES;
				CLANG_WARN_NON_LITERAL_NULL_CONVERSION = YES;
				CLANG_WARN_OBJC_IMPLICIT_RETAIN_SELF = YES;
				CLANG_WARN_OBJC_LITERAL_CONVERSION = YES;
				CLANG_WARN_OBJC_ROOT_CLASS = YES_ERROR;
				CLANG_WARN_RANGE_LOOP_ANALYSIS = YES;
				CLANG_WARN_STRICT_PROTOTYPES = YES;
				CLANG_WARN_SUSPICIOUS_MOVE = YES;
				CLANG_WARN_UNGUARDED_AVAILABILITY = YES_AGGRESSIVE;
				CLANG_WARN_UNREACHABLE_CODE = YES;
				CLANG_WARN__DUPLICATE_METHOD_MATCH = YES;
				COPY_PHASE_STRIP = NO;
				DEBUG_INFORMATION_FORMAT = "dwarf-with-dsym";
				ENABLE_NS_ASSERTIONS = NO;
				ENABLE_STRICT_OBJC_MSGSEND = YES;
				GCC_C_LANGUAGE_STANDARD = gnu11;
				GCC_NO_COMMON_BLOCKS = YES;
				GCC_WARN_64_TO_32_BIT_CONVERSION = YES;
				GCC_WARN_ABOUT_RETURN_TYPE = YES_ERROR;
				GCC_WARN_UNDECLARED_SELECTOR = YES;
				GCC_WARN_UNINITIALIZED_AUTOS = YES_AGGRESSIVE;
				GCC_WARN_UNUSED_FUNCTION = YES;
				GCC_WARN_UNUSED_VARIABLE = YES;
				MACOSX_DEPLOYMENT_TARGET = 10.15;
				MTL_ENABLE_DEBUG_INFO = NO;
				MTL_FAST_MATH = YES;
				SDKROOT = macosx;
				SWIFT_COMPILATION_MODE = wholemodule;
				SWIFT_OPTIMIZATION_LEVEL = "-O";
			};
			name = Release;
		};
		1FFF349824711E3100389B0C /* Debug */ = {
			isa = XCBuildConfiguration;
			buildSettings = {
				CODE_SIGN_IDENTITY = "-";
				CODE_SIGN_STYLE = Automatic;
				DEVELOPMENT_TEAM = S422Q897FZ;
				ENABLE_HARDENED_RUNTIME = YES;
				PRODUCT_NAME = "$(TARGET_NAME)";
				SWIFT_VERSION = 5.0;
			};
			name = Debug;
		};
		1FFF349924711E3100389B0C /* Release */ = {
			isa = XCBuildConfiguration;
			buildSettings = {
				CODE_SIGN_IDENTITY = "-";
				CODE_SIGN_STYLE = Automatic;
				DEVELOPMENT_TEAM = S422Q897FZ;
				ENABLE_HARDENED_RUNTIME = YES;
				PRODUCT_NAME = "$(TARGET_NAME)";
				SWIFT_VERSION = 5.0;
			};
			name = Release;
		};
/* End XCBuildConfiguration section */

/* Begin XCConfigurationList section */
		1FFF348B24711E3100389B0C /* Build configuration list for PBXProject "Compiler" */ = {
			isa = XCConfigurationList;
			buildConfigurations = (
				1FFF349524711E3100389B0C /* Debug */,
				1FFF349624711E3100389B0C /* Release */,
			);
			defaultConfigurationIsVisible = 0;
			defaultConfigurationName = Release;
		};
		1FFF349724711E3100389B0C /* Build configuration list for PBXNativeTarget "Compiler" */ = {
			isa = XCConfigurationList;
			buildConfigurations = (
				1FFF349824711E3100389B0C /* Debug */,
				1FFF349924711E3100389B0C /* Release */,
			);
			defaultConfigurationIsVisible = 0;
			defaultConfigurationName = Release;
		};
/* End XCConfigurationList section */
	};
	rootObject = 1FFF348824711E3100389B0C /* Project object */;
}
